{
  "name": "TestMyModule",
  "version": "1.0.0",
  "lockfileVersion": 1,
  "requires": true,
  "dependencies": {
    "mycoolmodule": {
      "version": "1.0.1",
      "resolved": "https://registry.npmjs.org/mycoolmodule/-/mycoolmodule-1.0.1.tgz",
      "integrity": "sha512-D7+aGBSgUac8hzWP12XJQJo5jlqzdhnMsK1Cse8KKCwSyFe6a/swVXePohO1AuuhtkzSjpLk07A1ijGzNJC78Q=="
    }
  }
}
